// !$*UTF8*$!
{
	archiveVersion = 1;
	classes = {
	};
	objectVersion = 56;
	objects = {

/* Begin PBXBuildFile section */
		269C4CEC2961CEA5009C0143 /* SearchBarView.swift in Sources */ = {isa = PBXBuildFile; fileRef = 269C4CEB2961CEA5009C0143 /* SearchBarView.swift */; };
		269C4CEE2961D84A009C0143 /* UIApplication.swift in Sources */ = {isa = PBXBuildFile; fileRef = 269C4CED2961D84A009C0143 /* UIApplication.swift */; };
		269C4CF02962DFE3009C0143 /* StatisticModel.swift in Sources */ = {isa = PBXBuildFile; fileRef = 269C4CEF2962DFE3009C0143 /* StatisticModel.swift */; };
		269C4CF22962E4C2009C0143 /* StatisticView.swift in Sources */ = {isa = PBXBuildFile; fileRef = 269C4CF12962E4C2009C0143 /* StatisticView.swift */; };
		269C4CF42962FCB6009C0143 /* HomeStatusView.swift in Sources */ = {isa = PBXBuildFile; fileRef = 269C4CF32962FCB6009C0143 /* HomeStatusView.swift */; };
		269C4CF6296369A5009C0143 /* MarketDataModel.swift in Sources */ = {isa = PBXBuildFile; fileRef = 269C4CF5296369A5009C0143 /* MarketDataModel.swift */; };
		26F99326295CDE5400AFD596 /* CryptoTrackerApp.swift in Sources */ = {isa = PBXBuildFile; fileRef = 26F99325295CDE5400AFD596 /* CryptoTrackerApp.swift */; };
		26F9932A295CDE5500AFD596 /* Assets.xcassets in Resources */ = {isa = PBXBuildFile; fileRef = 26F99329295CDE5500AFD596 /* Assets.xcassets */; };
		26F9932D295CDE5500AFD596 /* Preview Assets.xcassets in Resources */ = {isa = PBXBuildFile; fileRef = 26F9932C295CDE5500AFD596 /* Preview Assets.xcassets */; };
		26F99335295CE1CB00AFD596 /* Color.swift in Sources */ = {isa = PBXBuildFile; fileRef = 26F99334295CE1CB00AFD596 /* Color.swift */; };
		26F9933B295CEEB900AFD596 /* HomeView.swift in Sources */ = {isa = PBXBuildFile; fileRef = 26F9933A295CEEB900AFD596 /* HomeView.swift */; };
		26F9933F295CF18100AFD596 /* CircleButtonView.swift in Sources */ = {isa = PBXBuildFile; fileRef = 26F9933E295CF18100AFD596 /* CircleButtonView.swift */; };
		26F99341295CF73800AFD596 /* CircleButtonAnimationView.swift in Sources */ = {isa = PBXBuildFile; fileRef = 26F99340295CF73800AFD596 /* CircleButtonAnimationView.swift */; };
		26F99344295D0A6E00AFD596 /* CoinModel.swift in Sources */ = {isa = PBXBuildFile; fileRef = 26F99343295D0A6E00AFD596 /* CoinModel.swift */; };
		26F99346295D1D5200AFD596 /* CoinRowView.swift in Sources */ = {isa = PBXBuildFile; fileRef = 26F99345295D1D5200AFD596 /* CoinRowView.swift */; };
		26F9934A295D289F00AFD596 /* Double.swift in Sources */ = {isa = PBXBuildFile; fileRef = 26F99349295D289F00AFD596 /* Double.swift */; };
		26F9934C295DDF8E00AFD596 /* HomeViewModel.swift in Sources */ = {isa = PBXBuildFile; fileRef = 26F9934B295DDF8E00AFD596 /* HomeViewModel.swift */; };
		26F99351295F1F7E00AFD596 /* NetworkManger.swift in Sources */ = {isa = PBXBuildFile; fileRef = 26F99350295F1F7E00AFD596 /* NetworkManger.swift */; };
		26F99353295F647F00AFD596 /* LocalFileManger.swift in Sources */ = {isa = PBXBuildFile; fileRef = 26F99352295F647F00AFD596 /* LocalFileManger.swift */; };
		26F99355295F9D9700AFD596 /* CoinImageService.swift in Sources */ = {isa = PBXBuildFile; fileRef = 26F99354295F9D9700AFD596 /* CoinImageService.swift */; };
		26F99360295FCB8500AFD596 /* CustomTabBar.swift in Sources */ = {isa = PBXBuildFile; fileRef = 26F9935F295FCB8500AFD596 /* CustomTabBar.swift */; };
/* End PBXBuildFile section */

/* Begin PBXFileReference section */
		269C4CEB2961CEA5009C0143 /* SearchBarView.swift */ = {isa = PBXFileReference; lastKnownFileType = sourcecode.swift; path = SearchBarView.swift; sourceTree = "<group>"; };
		269C4CED2961D84A009C0143 /* UIApplication.swift */ = {isa = PBXFileReference; lastKnownFileType = sourcecode.swift; path = UIApplication.swift; sourceTree = "<group>"; };
		269C4CEF2962DFE3009C0143 /* StatisticModel.swift */ = {isa = PBXFileReference; lastKnownFileType = sourcecode.swift; path = StatisticModel.swift; sourceTree = "<group>"; };
		269C4CF12962E4C2009C0143 /* StatisticView.swift */ = {isa = PBXFileReference; lastKnownFileType = sourcecode.swift; path = StatisticView.swift; sourceTree = "<group>"; };
		269C4CF32962FCB6009C0143 /* HomeStatusView.swift */ = {isa = PBXFileReference; lastKnownFileType = sourcecode.swift; path = HomeStatusView.swift; sourceTree = "<group>"; };
		269C4CF5296369A5009C0143 /* MarketDataModel.swift */ = {isa = PBXFileReference; lastKnownFileType = sourcecode.swift; path = MarketDataModel.swift; sourceTree = "<group>"; };
		26F99322295CDE5400AFD596 /* CryptoTracker.app */ = {isa = PBXFileReference; explicitFileType = wrapper.application; includeInIndex = 0; path = CryptoTracker.app; sourceTree = BUILT_PRODUCTS_DIR; };
		26F99325295CDE5400AFD596 /* CryptoTrackerApp.swift */ = {isa = PBXFileReference; lastKnownFileType = sourcecode.swift; path = CryptoTrackerApp.swift; sourceTree = "<group>"; };
		26F99329295CDE5500AFD596 /* Assets.xcassets */ = {isa = PBXFileReference; lastKnownFileType = folder.assetcatalog; path = Assets.xcassets; sourceTree = "<group>"; };
		26F9932C295CDE5500AFD596 /* Preview Assets.xcassets */ = {isa = PBXFileReference; lastKnownFileType = folder.assetcatalog; path = "Preview Assets.xcassets"; sourceTree = "<group>"; };
		26F99334295CE1CB00AFD596 /* Color.swift */ = {isa = PBXFileReference; lastKnownFileType = sourcecode.swift; path = Color.swift; sourceTree = "<group>"; };
		26F9933A295CEEB900AFD596 /* HomeView.swift */ = {isa = PBXFileReference; lastKnownFileType = sourcecode.swift; path = HomeView.swift; sourceTree = "<group>"; };
		26F9933E295CF18100AFD596 /* CircleButtonView.swift */ = {isa = PBXFileReference; lastKnownFileType = sourcecode.swift; path = CircleButtonView.swift; sourceTree = "<group>"; };
		26F99340295CF73800AFD596 /* CircleButtonAnimationView.swift */ = {isa = PBXFileReference; lastKnownFileType = sourcecode.swift; path = CircleButtonAnimationView.swift; sourceTree = "<group>"; };
		26F99343295D0A6E00AFD596 /* CoinModel.swift */ = {isa = PBXFileReference; fileEncoding = 4; lastKnownFileType = sourcecode.swift; path = CoinModel.swift; sourceTree = "<group>"; };
		26F99345295D1D5200AFD596 /* CoinRowView.swift */ = {isa = PBXFileReference; lastKnownFileType = sourcecode.swift; path = CoinRowView.swift; sourceTree = "<group>"; };
		26F99349295D289F00AFD596 /* Double.swift */ = {isa = PBXFileReference; lastKnownFileType = sourcecode.swift; path = Double.swift; sourceTree = "<group>"; };
		26F9934B295DDF8E00AFD596 /* HomeViewModel.swift */ = {isa = PBXFileReference; lastKnownFileType = sourcecode.swift; path = HomeViewModel.swift; sourceTree = "<group>"; };
		26F99350295F1F7E00AFD596 /* NetworkManger.swift */ = {isa = PBXFileReference; lastKnownFileType = sourcecode.swift; path = NetworkManger.swift; sourceTree = "<group>"; };
		26F99352295F647F00AFD596 /* LocalFileManger.swift */ = {isa = PBXFileReference; lastKnownFileType = sourcecode.swift; path = LocalFileManger.swift; sourceTree = "<group>"; };
		26F99354295F9D9700AFD596 /* CoinImageService.swift */ = {isa = PBXFileReference; lastKnownFileType = sourcecode.swift; path = CoinImageService.swift; sourceTree = "<group>"; };
		26F9935F295FCB8500AFD596 /* CustomTabBar.swift */ = {isa = PBXFileReference; lastKnownFileType = sourcecode.swift; path = CustomTabBar.swift; sourceTree = "<group>"; };
/* End PBXFileReference section */

/* Begin PBXFrameworksBuildPhase section */
		26F9931F295CDE5400AFD596 /* Frameworks */ = {
			isa = PBXFrameworksBuildPhase;
			buildActionMask = 2147483647;
			files = (
			);
			runOnlyForDeploymentPostprocessing = 0;
		};
/* End PBXFrameworksBuildPhase section */

/* Begin PBXGroup section */
		26F99319295CDE5400AFD596 = {
			isa = PBXGroup;
			children = (
				26F99324295CDE5400AFD596 /* CryptoTracker */,
				26F99323295CDE5400AFD596 /* Products */,
			);
			sourceTree = "<group>";
		};
		26F99323295CDE5400AFD596 /* Products */ = {
			isa = PBXGroup;
			children = (
				26F99322295CDE5400AFD596 /* CryptoTracker.app */,
			);
			name = Products;
			sourceTree = "<group>";
		};
		26F99324295CDE5400AFD596 /* CryptoTracker */ = {
			isa = PBXGroup;
			children = (
				26F99325295CDE5400AFD596 /* CryptoTrackerApp.swift */,
				26F99333295CE1A000AFD596 /* Extension */,
				26F9934D295E2EF900AFD596 /* Utils */,
				26F99342295D0A5A00AFD596 /* Models */,
				26F9935A295FA57600AFD596 /* ViewModels */,
				26F9933C295CF10A00AFD596 /* Components */,
				26F99359295FA56100AFD596 /* Views */,
				26F99329295CDE5500AFD596 /* Assets.xcassets */,
				26F9932B295CDE5500AFD596 /* Preview Content */,
			);
			path = CryptoTracker;
			sourceTree = "<group>";
		};
		26F9932B295CDE5500AFD596 /* Preview Content */ = {
			isa = PBXGroup;
			children = (
				26F9932C295CDE5500AFD596 /* Preview Assets.xcassets */,
			);
			path = "Preview Content";
			sourceTree = "<group>";
		};
		26F99333295CE1A000AFD596 /* Extension */ = {
			isa = PBXGroup;
			children = (
				26F99334295CE1CB00AFD596 /* Color.swift */,
				26F99349295D289F00AFD596 /* Double.swift */,
				269C4CED2961D84A009C0143 /* UIApplication.swift */,
			);
			path = Extension;
			sourceTree = "<group>";
		};
		26F9933C295CF10A00AFD596 /* Components */ = {
			isa = PBXGroup;
			children = (
				26F9933D295CF14A00AFD596 /* CircleButton */,
				26F9935F295FCB8500AFD596 /* CustomTabBar.swift */,
				269C4CEB2961CEA5009C0143 /* SearchBarView.swift */,
				269C4CF12962E4C2009C0143 /* StatisticView.swift */,
			);
			path = Components;
			sourceTree = "<group>";
		};
		26F9933D295CF14A00AFD596 /* CircleButton */ = {
			isa = PBXGroup;
			children = (
				26F9933E295CF18100AFD596 /* CircleButtonView.swift */,
				26F99340295CF73800AFD596 /* CircleButtonAnimationView.swift */,
			);
			path = CircleButton;
			sourceTree = "<group>";
		};
		26F99342295D0A5A00AFD596 /* Models */ = {
			isa = PBXGroup;
			children = (
				26F99343295D0A6E00AFD596 /* CoinModel.swift */,
				269C4CEF2962DFE3009C0143 /* StatisticModel.swift */,
				269C4CF5296369A5009C0143 /* MarketDataModel.swift */,
			);
			path = Models;
			sourceTree = "<group>";
		};
		26F9934D295E2EF900AFD596 /* Utils */ = {
			isa = PBXGroup;
			children = (
				26F99350295F1F7E00AFD596 /* NetworkManger.swift */,
				26F99352295F647F00AFD596 /* LocalFileManger.swift */,
				26F99354295F9D9700AFD596 /* CoinImageService.swift */,
			);
			path = Utils;
			sourceTree = "<group>";
		};
		26F99359295FA56100AFD596 /* Views */ = {
			isa = PBXGroup;
			children = (
				26F9933A295CEEB900AFD596 /* HomeView.swift */,
				269C4CF32962FCB6009C0143 /* HomeStatusView.swift */,
				26F99345295D1D5200AFD596 /* CoinRowView.swift */,
			);
			path = Views;
			sourceTree = "<group>";
		};
		26F9935A295FA57600AFD596 /* ViewModels */ = {
			isa = PBXGroup;
			children = (
				26F9934B295DDF8E00AFD596 /* HomeViewModel.swift */,
			);
			path = ViewModels;
			sourceTree = "<group>";
		};
/* End PBXGroup section */

/* Begin PBXNativeTarget section */
		26F99321295CDE5400AFD596 /* CryptoTracker */ = {
			isa = PBXNativeTarget;
			buildConfigurationList = 26F99330295CDE5500AFD596 /* Build configuration list for PBXNativeTarget "CryptoTracker" */;
			buildPhases = (
				26F9931E295CDE5400AFD596 /* Sources */,
				26F9931F295CDE5400AFD596 /* Frameworks */,
				26F99320295CDE5400AFD596 /* Resources */,
			);
			buildRules = (
			);
			dependencies = (
			);
			name = CryptoTracker;
			packageProductDependencies = (
			);
			productName = CryptoTracker;
			productReference = 26F99322295CDE5400AFD596 /* CryptoTracker.app */;
			productType = "com.apple.product-type.application";
		};
/* End PBXNativeTarget section */

/* Begin PBXProject section */
		26F9931A295CDE5400AFD596 /* Project object */ = {
			isa = PBXProject;
			attributes = {
				BuildIndependentTargetsInParallel = 1;
				LastSwiftUpdateCheck = 1400;
				LastUpgradeCheck = 1400;
				TargetAttributes = {
					26F99321295CDE5400AFD596 = {
						CreatedOnToolsVersion = 14.0.1;
					};
				};
			};
			buildConfigurationList = 26F9931D295CDE5400AFD596 /* Build configuration list for PBXProject "CryptoTracker" */;
			compatibilityVersion = "Xcode 14.0";
			developmentRegion = en;
			hasScannedForEncodings = 0;
			knownRegions = (
				en,
				Base,
			);
			mainGroup = 26F99319295CDE5400AFD596;
			packageReferences = (
			);
			productRefGroup = 26F99323295CDE5400AFD596 /* Products */;
			projectDirPath = "";
			projectRoot = "";
			targets = (
				26F99321295CDE5400AFD596 /* CryptoTracker */,
			);
		};
/* End PBXProject section */

/* Begin PBXResourcesBuildPhase section */
		26F99320295CDE5400AFD596 /* Resources */ = {
			isa = PBXResourcesBuildPhase;
			buildActionMask = 2147483647;
			files = (
				26F9932D295CDE5500AFD596 /* Preview Assets.xcassets in Resources */,
				26F9932A295CDE5500AFD596 /* Assets.xcassets in Resources */,
			);
			runOnlyForDeploymentPostprocessing = 0;
		};
/* End PBXResourcesBuildPhase section */

/* Begin PBXSourcesBuildPhase section */
		26F9931E295CDE5400AFD596 /* Sources */ = {
			isa = PBXSourcesBuildPhase;
			buildActionMask = 2147483647;
			files = (
				26F99346295D1D5200AFD596 /* CoinRowView.swift in Sources */,
				269C4CF42962FCB6009C0143 /* HomeStatusView.swift in Sources */,
				26F99353295F647F00AFD596 /* LocalFileManger.swift in Sources */,
				26F99360295FCB8500AFD596 /* CustomTabBar.swift in Sources */,
				26F9933B295CEEB900AFD596 /* HomeView.swift in Sources */,
				269C4CF22962E4C2009C0143 /* StatisticView.swift in Sources */,
				26F9934C295DDF8E00AFD596 /* HomeViewModel.swift in Sources */,
				26F99326295CDE5400AFD596 /* CryptoTrackerApp.swift in Sources */,
				26F9933F295CF18100AFD596 /* CircleButtonView.swift in Sources */,
				26F99351295F1F7E00AFD596 /* NetworkManger.swift in Sources */,
				269C4CF02962DFE3009C0143 /* StatisticModel.swift in Sources */,
				26F99335295CE1CB00AFD596 /* Color.swift in Sources */,
				26F99355295F9D9700AFD596 /* CoinImageService.swift in Sources */,
				269C4CEE2961D84A009C0143 /* UIApplication.swift in Sources */,
				269C4CEC2961CEA5009C0143 /* SearchBarView.swift in Sources */,
				269C4CF6296369A5009C0143 /* MarketDataModel.swift in Sources */,
				26F99341295CF73800AFD596 /* CircleButtonAnimationView.swift in Sources */,
				26F9934A295D289F00AFD596 /* Double.swift in Sources */,
				26F99344295D0A6E00AFD596 /* CoinModel.swift in Sources */,
			);
			runOnlyForDeploymentPostprocessing = 0;
		};
/* End PBXSourcesBuildPhase section */

/* Begin XCBuildConfiguration section */
		26F9932E295CDE5500AFD596 /* Debug */ = {
			isa = XCBuildConfiguration;
			buildSettings = {
				ALWAYS_SEARCH_USER_PATHS = NO;
				CLANG_ANALYZER_NONNULL = YES;
				CLANG_ANALYZER_NUMBER_OBJECT_CONVERSION = YES_AGGRESSIVE;
				CLANG_CXX_LANGUAGE_STANDARD = "gnu++20";
				CLANG_ENABLE_MODULES = YES;
				CLANG_ENABLE_OBJC_ARC = YES;
				CLANG_ENABLE_OBJC_WEAK = YES;
				CLANG_WARN_BLOCK_CAPTURE_AUTORELEASING = YES;
				CLANG_WARN_BOOL_CONVERSION = YES;
				CLANG_WARN_COMMA = YES;
				CLANG_WARN_CONSTANT_CONVERSION = YES;
				CLANG_WARN_DEPRECATED_OBJC_IMPLEMENTATIONS = YES;
				CLANG_WARN_DIRECT_OBJC_ISA_USAGE = YES_ERROR;
				CLANG_WARN_DOCUMENTATION_COMMENTS = YES;
				CLANG_WARN_EMPTY_BODY = YES;
				CLANG_WARN_ENUM_CONVERSION = YES;
				CLANG_WARN_INFINITE_RECURSION = YES;
				CLANG_WARN_INT_CONVERSION = YES;
				CLANG_WARN_NON_LITERAL_NULL_CONVERSION = YES;
				CLANG_WARN_OBJC_IMPLICIT_RETAIN_SELF = YES;
				CLANG_WARN_OBJC_LITERAL_CONVERSION = YES;
				CLANG_WARN_OBJC_ROOT_CLASS = YES_ERROR;
				CLANG_WARN_QUOTED_INCLUDE_IN_FRAMEWORK_HEADER = YES;
				CLANG_WARN_RANGE_LOOP_ANALYSIS = YES;
				CLANG_WARN_STRICT_PROTOTYPES = YES;
				CLANG_WARN_SUSPICIOUS_MOVE = YES;
				CLANG_WARN_UNGUARDED_AVAILABILITY = YES_AGGRESSIVE;
				CLANG_WARN_UNREACHABLE_CODE = YES;
				CLANG_WARN__DUPLICATE_METHOD_MATCH = YES;
				COPY_PHASE_STRIP = NO;
				DEBUG_INFORMATION_FORMAT = dwarf;
				ENABLE_STRICT_OBJC_MSGSEND = YES;
				ENABLE_TESTABILITY = YES;
				GCC_C_LANGUAGE_STANDARD = gnu11;
				GCC_DYNAMIC_NO_PIC = NO;
				GCC_NO_COMMON_BLOCKS = YES;
				GCC_OPTIMIZATION_LEVEL = 0;
				GCC_PREPROCESSOR_DEFINITIONS = (
					"DEBUG=1",
					"$(inherited)",
				);
				GCC_WARN_64_TO_32_BIT_CONVERSION = YES;
				GCC_WARN_ABOUT_RETURN_TYPE = YES_ERROR;
				GCC_WARN_UNDECLARED_SELECTOR = YES;
				GCC_WARN_UNINITIALIZED_AUTOS = YES_AGGRESSIVE;
				GCC_WARN_UNUSED_FUNCTION = YES;
				GCC_WARN_UNUSED_VARIABLE = YES;
				IPHONEOS_DEPLOYMENT_TARGET = 16.0;
				MTL_ENABLE_DEBUG_INFO = INCLUDE_SOURCE;
				MTL_FAST_MATH = YES;
				ONLY_ACTIVE_ARCH = YES;
				SDKROOT = iphoneos;
				SWIFT_ACTIVE_COMPILATION_CONDITIONS = DEBUG;
				SWIFT_OPTIMIZATION_LEVEL = "-Onone";
			};
			name = Debug;
		};
		26F9932F295CDE5500AFD596 /* Release */ = {
			isa = XCBuildConfiguration;
			buildSettings = {
				ALWAYS_SEARCH_USER_PATHS = NO;
				CLANG_ANALYZER_NONNULL = YES;
				CLANG_ANALYZER_NUMBER_OBJECT_CONVERSION = YES_AGGRESSIVE;
				CLANG_CXX_LANGUAGE_STANDARD = "gnu++20";
				CLANG_ENABLE_MODULES = YES;
				CLANG_ENABLE_OBJC_ARC = YES;
				CLANG_ENABLE_OBJC_WEAK = YES;
				CLANG_WARN_BLOCK_CAPTURE_AUTORELEASING = YES;
				CLANG_WARN_BOOL_CONVERSION = YES;
				CLANG_WARN_COMMA = YES;
				CLANG_WARN_CONSTANT_CONVERSION = YES;
				CLANG_WARN_DEPRECATED_OBJC_IMPLEMENTATIONS = YES;
				CLANG_WARN_DIRECT_OBJC_ISA_USAGE = YES_ERROR;
				CLANG_WARN_DOCUMENTATION_COMMENTS = YES;
				CLANG_WARN_EMPTY_BODY = YES;
				CLANG_WARN_ENUM_CONVERSION = YES;
				CLANG_WARN_INFINITE_RECURSION = YES;
				CLANG_WARN_INT_CONVERSION = YES;
				CLANG_WARN_NON_LITERAL_NULL_CONVERSION = YES;
				CLANG_WARN_OBJC_IMPLICIT_RETAIN_SELF = YES;
				CLANG_WARN_OBJC_LITERAL_CONVERSION = YES;
				CLANG_WARN_OBJC_ROOT_CLASS = YES_ERROR;
				CLANG_WARN_QUOTED_INCLUDE_IN_FRAMEWORK_HEADER = YES;
				CLANG_WARN_RANGE_LOOP_ANALYSIS = YES;
				CLANG_WARN_STRICT_PROTOTYPES = YES;
				CLANG_WARN_SUSPICIOUS_MOVE = YES;
				CLANG_WARN_UNGUARDED_AVAILABILITY = YES_AGGRESSIVE;
				CLANG_WARN_UNREACHABLE_CODE = YES;
				CLANG_WARN__DUPLICATE_METHOD_MATCH = YES;
				COPY_PHASE_STRIP = NO;
				DEBUG_INFORMATION_FORMAT = "dwarf-with-dsym";
				ENABLE_NS_ASSERTIONS = NO;
				ENABLE_STRICT_OBJC_MSGSEND = YES;
				GCC_C_LANGUAGE_STANDARD = gnu11;
				GCC_NO_COMMON_BLOCKS = YES;
				GCC_WARN_64_TO_32_BIT_CONVERSION = YES;
				GCC_WARN_ABOUT_RETURN_TYPE = YES_ERROR;
				GCC_WARN_UNDECLARED_SELECTOR = YES;
				GCC_WARN_UNINITIALIZED_AUTOS = YES_AGGRESSIVE;
				GCC_WARN_UNUSED_FUNCTION = YES;
				GCC_WARN_UNUSED_VARIABLE = YES;
				IPHONEOS_DEPLOYMENT_TARGET = 16.0;
				MTL_ENABLE_DEBUG_INFO = NO;
				MTL_FAST_MATH = YES;
				SDKROOT = iphoneos;
				SWIFT_COMPILATION_MODE = wholemodule;
				SWIFT_OPTIMIZATION_LEVEL = "-O";
				VALIDATE_PRODUCT = YES;
			};
			name = Release;
		};
		26F99331295CDE5500AFD596 /* Debug */ = {
			isa = XCBuildConfiguration;
			buildSettings = {
				ASSETCATALOG_COMPILER_APPICON_NAME = AppIcon;
				ASSETCATALOG_COMPILER_GLOBAL_ACCENT_COLOR_NAME = AccentColor;
				CODE_SIGN_STYLE = Automatic;
				CURRENT_PROJECT_VERSION = 1;
				DEVELOPMENT_ASSET_PATHS = "\"CryptoTracker/Preview Content\"";
				DEVELOPMENT_TEAM = 2CWZ37P538;
				ENABLE_PREVIEWS = YES;
				GENERATE_INFOPLIST_FILE = YES;
				INFOPLIST_KEY_CFBundleDisplayName = "Crypto Tracker";
				INFOPLIST_KEY_UIApplicationSceneManifest_Generation = YES;
				INFOPLIST_KEY_UIApplicationSupportsIndirectInputEvents = YES;
				INFOPLIST_KEY_UILaunchScreen_Generation = YES;
				INFOPLIST_KEY_UISupportedInterfaceOrientations = UIInterfaceOrientationPortrait;
				LD_RUNPATH_SEARCH_PATHS = (
					"$(inherited)",
					"@executable_path/Frameworks",
				);
				MARKETING_VERSION = 1.0;
				PRODUCT_BUNDLE_IDENTIFIER = tk.omarkhattab.CryptoTracker;
				PRODUCT_NAME = "$(TARGET_NAME)";
				SUPPORTED_PLATFORMS = "iphoneos iphonesimulator";
				SUPPORTS_MACCATALYST = NO;
				SUPPORTS_MAC_DESIGNED_FOR_IPHONE_IPAD = NO;
				SWIFT_EMIT_LOC_STRINGS = YES;
				SWIFT_VERSION = 5.0;
				TARGETED_DEVICE_FAMILY = "1,2";
			};
			name = Debug;
		};
		26F99332295CDE5500AFD596 /* Release */ = {
			isa = XCBuildConfiguration;
			buildSettings = {
				ASSETCATALOG_COMPILER_APPICON_NAME = AppIcon;
				ASSETCATALOG_COMPILER_GLOBAL_ACCENT_COLOR_NAME = AccentColor;
				CODE_SIGN_STYLE = Automatic;
				CURRENT_PROJECT_VERSION = 1;
				DEVELOPMENT_ASSET_PATHS = "\"CryptoTracker/Preview Content\"";
				DEVELOPMENT_TEAM = 2CWZ37P538;
				ENABLE_PREVIEWS = YES;
				GENERATE_INFOPLIST_FILE = YES;
				INFOPLIST_KEY_CFBundleDisplayName = "Crypto Tracker";
				INFOPLIST_KEY_UIApplicationSceneManifest_Generation = YES;
				INFOPLIST_KEY_UIApplicationSupportsIndirectInputEvents = YES;
				INFOPLIST_KEY_UILaunchScreen_Generation = YES;
				INFOPLIST_KEY_UISupportedInterfaceOrientations = UIInterfaceOrientationPortrait;
				LD_RUNPATH_SEARCH_PATHS = (
					"$(inherited)",
					"@executable_path/Frameworks",
				);
				MARKETING_VERSION = 1.0;
				PRODUCT_BUNDLE_IDENTIFIER = tk.omarkhattab.CryptoTracker;
				PRODUCT_NAME = "$(TARGET_NAME)";
				SUPPORTED_PLATFORMS = "iphoneos iphonesimulator";
				SUPPORTS_MACCATALYST = NO;
				SUPPORTS_MAC_DESIGNED_FOR_IPHONE_IPAD = NO;
				SWIFT_EMIT_LOC_STRINGS = YES;
				SWIFT_VERSION = 5.0;
				TARGETED_DEVICE_FAMILY = "1,2";
			};
			name = Release;
		};
/* End XCBuildConfiguration section */

/* Begin XCConfigurationList section */
		26F9931D295CDE5400AFD596 /* Build configuration list for PBXProject "CryptoTracker" */ = {
			isa = XCConfigurationList;
			buildConfigurations = (
				26F9932E295CDE5500AFD596 /* Debug */,
				26F9932F295CDE5500AFD596 /* Release */,
			);
			defaultConfigurationIsVisible = 0;
			defaultConfigurationName = Release;
		};
		26F99330295CDE5500AFD596 /* Build configuration list for PBXNativeTarget "CryptoTracker" */ = {
			isa = XCConfigurationList;
			buildConfigurations = (
				26F99331295CDE5500AFD596 /* Debug */,
				26F99332295CDE5500AFD596 /* Release */,
			);
			defaultConfigurationIsVisible = 0;
			defaultConfigurationName = Release;
		};
/* End XCConfigurationList section */
	};
	rootObject = 26F9931A295CDE5400AFD596 /* Project object */;
}
