// !$*UTF8*$!
{
	archiveVersion = 1;
	classes = {
	};
	objectVersion = 56;
	objects = {

/* Begin PBXBuildFile section */
		267481F9292D15E700F4B407 /* WeatherByOmarApp.swift in Sources */ = {isa = PBXBuildFile; fileRef = 267481F8292D15E700F4B407 /* WeatherByOmarApp.swift */; };
		267481FB292D15E700F4B407 /* ContentView.swift in Sources */ = {isa = PBXBuildFile; fileRef = 267481FA292D15E700F4B407 /* ContentView.swift */; };
		267481FD292D15E800F4B407 /* Assets.xcassets in Resources */ = {isa = PBXBuildFile; fileRef = 267481FC292D15E800F4B407 /* Assets.xcassets */; };
		26748200292D15E800F4B407 /* Preview Assets.xcassets in Resources */ = {isa = PBXBuildFile; fileRef = 267481FF292D15E800F4B407 /* Preview Assets.xcassets */; };
		26748207292D1A7900F4B407 /* ContentViewViewModel.swift in Sources */ = {isa = PBXBuildFile; fileRef = 26748206292D1A7900F4B407 /* ContentViewViewModel.swift */; };
		26748209292D1A9900F4B407 /* WeatherModel.swift in Sources */ = {isa = PBXBuildFile; fileRef = 26748208292D1A9900F4B407 /* WeatherModel.swift */; };
		2674820B292D1B1600F4B407 /* LocationManger.swift in Sources */ = {isa = PBXBuildFile; fileRef = 2674820A292D1B1600F4B407 /* LocationManger.swift */; };
		268A14422932D65600F81A19 /* LocationModel.swift in Sources */ = {isa = PBXBuildFile; fileRef = 268A14412932D65600F81A19 /* LocationModel.swift */; };
		26AD610F293C2A76009F3B4A /* WeatherRow.swift in Sources */ = {isa = PBXBuildFile; fileRef = 26AD610E293C2A76009F3B4A /* WeatherRow.swift */; };
/* End PBXBuildFile section */

/* Begin PBXFileReference section */
		267481F5292D15E700F4B407 /* WeatherByOmar.app */ = {isa = PBXFileReference; explicitFileType = wrapper.application; includeInIndex = 0; path = WeatherByOmar.app; sourceTree = BUILT_PRODUCTS_DIR; };
		267481F8292D15E700F4B407 /* WeatherByOmarApp.swift */ = {isa = PBXFileReference; lastKnownFileType = sourcecode.swift; path = WeatherByOmarApp.swift; sourceTree = "<group>"; };
		267481FA292D15E700F4B407 /* ContentView.swift */ = {isa = PBXFileReference; lastKnownFileType = sourcecode.swift; path = ContentView.swift; sourceTree = "<group>"; };
		267481FC292D15E800F4B407 /* Assets.xcassets */ = {isa = PBXFileReference; lastKnownFileType = folder.assetcatalog; path = Assets.xcassets; sourceTree = "<group>"; };
		267481FF292D15E800F4B407 /* Preview Assets.xcassets */ = {isa = PBXFileReference; lastKnownFileType = folder.assetcatalog; path = "Preview Assets.xcassets"; sourceTree = "<group>"; };
		26748206292D1A7900F4B407 /* ContentViewViewModel.swift */ = {isa = PBXFileReference; lastKnownFileType = sourcecode.swift; path = ContentViewViewModel.swift; sourceTree = "<group>"; };
		26748208292D1A9900F4B407 /* WeatherModel.swift */ = {isa = PBXFileReference; lastKnownFileType = sourcecode.swift; path = WeatherModel.swift; sourceTree = "<group>"; };
		2674820A292D1B1600F4B407 /* LocationManger.swift */ = {isa = PBXFileReference; lastKnownFileType = sourcecode.swift; path = LocationManger.swift; sourceTree = "<group>"; };
		268A14412932D65600F81A19 /* LocationModel.swift */ = {isa = PBXFileReference; lastKnownFileType = sourcecode.swift; path = LocationModel.swift; sourceTree = "<group>"; };
		26AD610E293C2A76009F3B4A /* WeatherRow.swift */ = {isa = PBXFileReference; lastKnownFileType = sourcecode.swift; path = WeatherRow.swift; sourceTree = "<group>"; };
/* End PBXFileReference section */

/* Begin PBXFrameworksBuildPhase section */
		267481F2292D15E700F4B407 /* Frameworks */ = {
			isa = PBXFrameworksBuildPhase;
			buildActionMask = 2147483647;
			files = (
			);
			runOnlyForDeploymentPostprocessing = 0;
		};
/* End PBXFrameworksBuildPhase section */

/* Begin PBXGroup section */
		267481EC292D15E700F4B407 = {
			isa = PBXGroup;
			children = (
				267481F7292D15E700F4B407 /* WeatherByOmar */,
				267481F6292D15E700F4B407 /* Products */,
			);
			sourceTree = "<group>";
		};
		267481F6292D15E700F4B407 /* Products */ = {
			isa = PBXGroup;
			children = (
				267481F5292D15E700F4B407 /* WeatherByOmar.app */,
			);
			name = Products;
			sourceTree = "<group>";
		};
		267481F7292D15E700F4B407 /* WeatherByOmar */ = {
			isa = PBXGroup;
			children = (
				267481F8292D15E700F4B407 /* WeatherByOmarApp.swift */,
				267481FA292D15E700F4B407 /* ContentView.swift */,
				26AD610E293C2A76009F3B4A /* WeatherRow.swift */,
				26748206292D1A7900F4B407 /* ContentViewViewModel.swift */,
				2674820A292D1B1600F4B407 /* LocationManger.swift */,
				26748208292D1A9900F4B407 /* WeatherModel.swift */,
				268A14412932D65600F81A19 /* LocationModel.swift */,
				267481FC292D15E800F4B407 /* Assets.xcassets */,
				267481FE292D15E800F4B407 /* Preview Content */,
			);
			path = WeatherByOmar;
			sourceTree = "<group>";
		};
		267481FE292D15E800F4B407 /* Preview Content */ = {
			isa = PBXGroup;
			children = (
				267481FF292D15E800F4B407 /* Preview Assets.xcassets */,
			);
			path = "Preview Content";
			sourceTree = "<group>";
		};
/* End PBXGroup section */

/* Begin PBXNativeTarget section */
		267481F4292D15E700F4B407 /* WeatherByOmar */ = {
			isa = PBXNativeTarget;
			buildConfigurationList = 26748203292D15E800F4B407 /* Build configuration list for PBXNativeTarget "WeatherByOmar" */;
			buildPhases = (
				267481F1292D15E700F4B407 /* Sources */,
				267481F2292D15E700F4B407 /* Frameworks */,
				267481F3292D15E700F4B407 /* Resources */,
			);
			buildRules = (
			);
			dependencies = (
			);
			name = WeatherByOmar;
			productName = WeatherByOmar;
			productReference = 267481F5292D15E700F4B407 /* WeatherByOmar.app */;
			productType = "com.apple.product-type.application";
		};
/* End PBXNativeTarget section */

/* Begin PBXProject section */
		267481ED292D15E700F4B407 /* Project object */ = {
			isa = PBXProject;
			attributes = {
				BuildIndependentTargetsInParallel = 1;
				LastSwiftUpdateCheck = 1400;
				LastUpgradeCheck = 1400;
				TargetAttributes = {
					267481F4292D15E700F4B407 = {
						CreatedOnToolsVersion = 14.0.1;
					};
				};
			};
			buildConfigurationList = 267481F0292D15E700F4B407 /* Build configuration list for PBXProject "WeatherByOmar" */;
			compatibilityVersion = "Xcode 14.0";
			developmentRegion = en;
			hasScannedForEncodings = 0;
			knownRegions = (
				en,
				Base,
			);
			mainGroup = 267481EC292D15E700F4B407;
			productRefGroup = 267481F6292D15E700F4B407 /* Products */;
			projectDirPath = "";
			projectRoot = "";
			targets = (
				267481F4292D15E700F4B407 /* WeatherByOmar */,
			);
		};
/* End PBXProject section */

/* Begin PBXResourcesBuildPhase section */
		267481F3292D15E700F4B407 /* Resources */ = {
			isa = PBXResourcesBuildPhase;
			buildActionMask = 2147483647;
			files = (
				26748200292D15E800F4B407 /* Preview Assets.xcassets in Resources */,
				267481FD292D15E800F4B407 /* Assets.xcassets in Resources */,
			);
			runOnlyForDeploymentPostprocessing = 0;
		};
/* End PBXResourcesBuildPhase section */

/* Begin PBXSourcesBuildPhase section */
		267481F1292D15E700F4B407 /* Sources */ = {
			isa = PBXSourcesBuildPhase;
			buildActionMask = 2147483647;
			files = (
				267481FB292D15E700F4B407 /* ContentView.swift in Sources */,
				267481F9292D15E700F4B407 /* WeatherByOmarApp.swift in Sources */,
				26AD610F293C2A76009F3B4A /* WeatherRow.swift in Sources */,
				26748207292D1A7900F4B407 /* ContentViewViewModel.swift in Sources */,
				26748209292D1A9900F4B407 /* WeatherModel.swift in Sources */,
				268A14422932D65600F81A19 /* LocationModel.swift in Sources */,
				2674820B292D1B1600F4B407 /* LocationManger.swift in Sources */,
			);
			runOnlyForDeploymentPostprocessing = 0;
		};
/* End PBXSourcesBuildPhase section */

/* Begin XCBuildConfiguration section */
		26748201292D15E800F4B407 /* Debug */ = {
			isa = XCBuildConfiguration;
			buildSettings = {
				ALWAYS_SEARCH_USER_PATHS = NO;
				CLANG_ANALYZER_NONNULL = YES;
				CLANG_ANALYZER_NUMBER_OBJECT_CONVERSION = YES_AGGRESSIVE;
				CLANG_CXX_LANGUAGE_STANDARD = "gnu++20";
				CLANG_ENABLE_MODULES = YES;
				CLANG_ENABLE_OBJC_ARC = YES;
				CLANG_ENABLE_OBJC_WEAK = YES;
				CLANG_WARN_BLOCK_CAPTURE_AUTORELEASING = YES;
				CLANG_WARN_BOOL_CONVERSION = YES;
				CLANG_WARN_COMMA = YES;
				CLANG_WARN_CONSTANT_CONVERSION = YES;
				CLANG_WARN_DEPRECATED_OBJC_IMPLEMENTATIONS = YES;
				CLANG_WARN_DIRECT_OBJC_ISA_USAGE = YES_ERROR;
				CLANG_WARN_DOCUMENTATION_COMMENTS = YES;
				CLANG_WARN_EMPTY_BODY = YES;
				CLANG_WARN_ENUM_CONVERSION = YES;
				CLANG_WARN_INFINITE_RECURSION = YES;
				CLANG_WARN_INT_CONVERSION = YES;
				CLANG_WARN_NON_LITERAL_NULL_CONVERSION = YES;
				CLANG_WARN_OBJC_IMPLICIT_RETAIN_SELF = YES;
				CLANG_WARN_OBJC_LITERAL_CONVERSION = YES;
				CLANG_WARN_OBJC_ROOT_CLASS = YES_ERROR;
				CLANG_WARN_QUOTED_INCLUDE_IN_FRAMEWORK_HEADER = YES;
				CLANG_WARN_RANGE_LOOP_ANALYSIS = YES;
				CLANG_WARN_STRICT_PROTOTYPES = YES;
				CLANG_WARN_SUSPICIOUS_MOVE = YES;
				CLANG_WARN_UNGUARDED_AVAILABILITY = YES_AGGRESSIVE;
				CLANG_WARN_UNREACHABLE_CODE = YES;
				CLANG_WARN__DUPLICATE_METHOD_MATCH = YES;
				COPY_PHASE_STRIP = NO;
				DEBUG_INFORMATION_FORMAT = dwarf;
				ENABLE_STRICT_OBJC_MSGSEND = YES;
				ENABLE_TESTABILITY = YES;
				GCC_C_LANGUAGE_STANDARD = gnu11;
				GCC_DYNAMIC_NO_PIC = NO;
				GCC_NO_COMMON_BLOCKS = YES;
				GCC_OPTIMIZATION_LEVEL = 0;
				GCC_PREPROCESSOR_DEFINITIONS = (
					"DEBUG=1",
					"$(inherited)",
				);
				GCC_WARN_64_TO_32_BIT_CONVERSION = YES;
				GCC_WARN_ABOUT_RETURN_TYPE = YES_ERROR;
				GCC_WARN_UNDECLARED_SELECTOR = YES;
				GCC_WARN_UNINITIALIZED_AUTOS = YES_AGGRESSIVE;
				GCC_WARN_UNUSED_FUNCTION = YES;
				GCC_WARN_UNUSED_VARIABLE = YES;
				IPHONEOS_DEPLOYMENT_TARGET = 16.0;
				MTL_ENABLE_DEBUG_INFO = INCLUDE_SOURCE;
				MTL_FAST_MATH = YES;
				ONLY_ACTIVE_ARCH = YES;
				SDKROOT = iphoneos;
				SWIFT_ACTIVE_COMPILATION_CONDITIONS = DEBUG;
				SWIFT_OPTIMIZATION_LEVEL = "-Onone";
			};
			name = Debug;
		};
		26748202292D15E800F4B407 /* Release */ = {
			isa = XCBuildConfiguration;
			buildSettings = {
				ALWAYS_SEARCH_USER_PATHS = NO;
				CLANG_ANALYZER_NONNULL = YES;
				CLANG_ANALYZER_NUMBER_OBJECT_CONVERSION = YES_AGGRESSIVE;
				CLANG_CXX_LANGUAGE_STANDARD = "gnu++20";
				CLANG_ENABLE_MODULES = YES;
				CLANG_ENABLE_OBJC_ARC = YES;
				CLANG_ENABLE_OBJC_WEAK = YES;
				CLANG_WARN_BLOCK_CAPTURE_AUTORELEASING = YES;
				CLANG_WARN_BOOL_CONVERSION = YES;
				CLANG_WARN_COMMA = YES;
				CLANG_WARN_CONSTANT_CONVERSION = YES;
				CLANG_WARN_DEPRECATED_OBJC_IMPLEMENTATIONS = YES;
				CLANG_WARN_DIRECT_OBJC_ISA_USAGE = YES_ERROR;
				CLANG_WARN_DOCUMENTATION_COMMENTS = YES;
				CLANG_WARN_EMPTY_BODY = YES;
				CLANG_WARN_ENUM_CONVERSION = YES;
				CLANG_WARN_INFINITE_RECURSION = YES;
				CLANG_WARN_INT_CONVERSION = YES;
				CLANG_WARN_NON_LITERAL_NULL_CONVERSION = YES;
				CLANG_WARN_OBJC_IMPLICIT_RETAIN_SELF = YES;
				CLANG_WARN_OBJC_LITERAL_CONVERSION = YES;
				CLANG_WARN_OBJC_ROOT_CLASS = YES_ERROR;
				CLANG_WARN_QUOTED_INCLUDE_IN_FRAMEWORK_HEADER = YES;
				CLANG_WARN_RANGE_LOOP_ANALYSIS = YES;
				CLANG_WARN_STRICT_PROTOTYPES = YES;
				CLANG_WARN_SUSPICIOUS_MOVE = YES;
				CLANG_WARN_UNGUARDED_AVAILABILITY = YES_AGGRESSIVE;
				CLANG_WARN_UNREACHABLE_CODE = YES;
				CLANG_WARN__DUPLICATE_METHOD_MATCH = YES;
				COPY_PHASE_STRIP = NO;
				DEBUG_INFORMATION_FORMAT = "dwarf-with-dsym";
				ENABLE_NS_ASSERTIONS = NO;
				ENABLE_STRICT_OBJC_MSGSEND = YES;
				GCC_C_LANGUAGE_STANDARD = gnu11;
				GCC_NO_COMMON_BLOCKS = YES;
				GCC_WARN_64_TO_32_BIT_CONVERSION = YES;
				GCC_WARN_ABOUT_RETURN_TYPE = YES_ERROR;
				GCC_WARN_UNDECLARED_SELECTOR = YES;
				GCC_WARN_UNINITIALIZED_AUTOS = YES_AGGRESSIVE;
				GCC_WARN_UNUSED_FUNCTION = YES;
				GCC_WARN_UNUSED_VARIABLE = YES;
				IPHONEOS_DEPLOYMENT_TARGET = 16.0;
				MTL_ENABLE_DEBUG_INFO = NO;
				MTL_FAST_MATH = YES;
				SDKROOT = iphoneos;
				SWIFT_COMPILATION_MODE = wholemodule;
				SWIFT_OPTIMIZATION_LEVEL = "-O";
				VALIDATE_PRODUCT = YES;
			};
			name = Release;
		};
		26748204292D15E800F4B407 /* Debug */ = {
			isa = XCBuildConfiguration;
			buildSettings = {
				ASSETCATALOG_COMPILER_APPICON_NAME = AppIcon;
				ASSETCATALOG_COMPILER_GLOBAL_ACCENT_COLOR_NAME = AccentColor;
				CODE_SIGN_STYLE = Automatic;
				CURRENT_PROJECT_VERSION = 1;
				DEVELOPMENT_ASSET_PATHS = "\"WeatherByOmar/Preview Content\"";
				DEVELOPMENT_TEAM = 2CWZ37P538;
				ENABLE_PREVIEWS = YES;
				GENERATE_INFOPLIST_FILE = YES;
				INFOPLIST_KEY_NSLocationWhenInUseUsageDescription = "We would like to access your location";
				INFOPLIST_KEY_UIApplicationSceneManifest_Generation = YES;
				INFOPLIST_KEY_UIApplicationSupportsIndirectInputEvents = YES;
				INFOPLIST_KEY_UILaunchScreen_Generation = YES;
				INFOPLIST_KEY_UISupportedInterfaceOrientations_iPad = "UIInterfaceOrientationPortrait UIInterfaceOrientationPortraitUpsideDown UIInterfaceOrientationLandscapeLeft UIInterfaceOrientationLandscapeRight";
				INFOPLIST_KEY_UISupportedInterfaceOrientations_iPhone = "UIInterfaceOrientationPortrait UIInterfaceOrientationLandscapeLeft UIInterfaceOrientationLandscapeRight";
				LD_RUNPATH_SEARCH_PATHS = (
					"$(inherited)",
					"@executable_path/Frameworks",
				);
				MARKETING_VERSION = 1.0;
				PRODUCT_BUNDLE_IDENTIFIER = tk.omarkhattab.WeatherByOmar;
				PRODUCT_NAME = "$(TARGET_NAME)";
				SWIFT_EMIT_LOC_STRINGS = YES;
				SWIFT_VERSION = 5.0;
				TARGETED_DEVICE_FAMILY = "1,2";
			};
			name = Debug;
		};
		26748205292D15E800F4B407 /* Release */ = {
			isa = XCBuildConfiguration;
			buildSettings = {
				ASSETCATALOG_COMPILER_APPICON_NAME = AppIcon;
				ASSETCATALOG_COMPILER_GLOBAL_ACCENT_COLOR_NAME = AccentColor;
				CODE_SIGN_STYLE = Automatic;
				CURRENT_PROJECT_VERSION = 1;
				DEVELOPMENT_ASSET_PATHS = "\"WeatherByOmar/Preview Content\"";
				DEVELOPMENT_TEAM = 2CWZ37P538;
				ENABLE_PREVIEWS = YES;
				GENERATE_INFOPLIST_FILE = YES;
				INFOPLIST_KEY_NSLocationWhenInUseUsageDescription = "We would like to access your location";
				INFOPLIST_KEY_UIApplicationSceneManifest_Generation = YES;
				INFOPLIST_KEY_UIApplicationSupportsIndirectInputEvents = YES;
				INFOPLIST_KEY_UILaunchScreen_Generation = YES;
				INFOPLIST_KEY_UISupportedInterfaceOrientations_iPad = "UIInterfaceOrientationPortrait UIInterfaceOrientationPortraitUpsideDown UIInterfaceOrientationLandscapeLeft UIInterfaceOrientationLandscapeRight";
				INFOPLIST_KEY_UISupportedInterfaceOrientations_iPhone = "UIInterfaceOrientationPortrait UIInterfaceOrientationLandscapeLeft UIInterfaceOrientationLandscapeRight";
				LD_RUNPATH_SEARCH_PATHS = (
					"$(inherited)",
					"@executable_path/Frameworks",
				);
				MARKETING_VERSION = 1.0;
				PRODUCT_BUNDLE_IDENTIFIER = tk.omarkhattab.WeatherByOmar;
				PRODUCT_NAME = "$(TARGET_NAME)";
				SWIFT_EMIT_LOC_STRINGS = YES;
				SWIFT_VERSION = 5.0;
				TARGETED_DEVICE_FAMILY = "1,2";
			};
			name = Release;
		};
/* End XCBuildConfiguration section */

/* Begin XCConfigurationList section */
		267481F0292D15E700F4B407 /* Build configuration list for PBXProject "WeatherByOmar" */ = {
			isa = XCConfigurationList;
			buildConfigurations = (
				26748201292D15E800F4B407 /* Debug */,
				26748202292D15E800F4B407 /* Release */,
			);
			defaultConfigurationIsVisible = 0;
			defaultConfigurationName = Release;
		};
		26748203292D15E800F4B407 /* Build configuration list for PBXNativeTarget "WeatherByOmar" */ = {
			isa = XCConfigurationList;
			buildConfigurations = (
				26748204292D15E800F4B407 /* Debug */,
				26748205292D15E800F4B407 /* Release */,
			);
			defaultConfigurationIsVisible = 0;
			defaultConfigurationName = Release;
		};
/* End XCConfigurationList section */
	};
	rootObject = 267481ED292D15E700F4B407 /* Project object */;
}
