// !$*UTF8*$!
{
	archiveVersion = 1;
	classes = {
	};
	objectVersion = 55;
	objects = {

/* Begin PBXBuildFile section */
		260A8F1328CED1FA008C2EA2 /* Gaegu-Bold.ttf in Resources */ = {isa = PBXBuildFile; fileRef = 260A8F1228CED1FA008C2EA2 /* Gaegu-Bold.ttf */; };
		261FB72E28C73D16000789D6 /* AddBookView.swift in Sources */ = {isa = PBXBuildFile; fileRef = 261FB72D28C73D16000789D6 /* AddBookView.swift */; };
		261FB73028C74492000789D6 /* RatingView.swift in Sources */ = {isa = PBXBuildFile; fileRef = 261FB72F28C74492000789D6 /* RatingView.swift */; };
		261FB73228C74D4E000789D6 /* EmojiRatingView.swift in Sources */ = {isa = PBXBuildFile; fileRef = 261FB73128C74D4E000789D6 /* EmojiRatingView.swift */; };
		265DD70D28C7E11B00F1F62B /* DetailView.swift in Sources */ = {isa = PBXBuildFile; fileRef = 265DD70C28C7E11B00F1F62B /* DetailView.swift */; };
		265DD70F28C7E86900F1F62B /* NavAppearanceModifier.swift in Sources */ = {isa = PBXBuildFile; fileRef = 265DD70E28C7E86900F1F62B /* NavAppearanceModifier.swift */; };
		26F309D028C5F116001CC7EA /* BookwormApp.swift in Sources */ = {isa = PBXBuildFile; fileRef = 26F309CF28C5F116001CC7EA /* BookwormApp.swift */; };
		26F309D228C5F116001CC7EA /* ContentView.swift in Sources */ = {isa = PBXBuildFile; fileRef = 26F309D128C5F116001CC7EA /* ContentView.swift */; };
		26F309D428C5F118001CC7EA /* Assets.xcassets in Resources */ = {isa = PBXBuildFile; fileRef = 26F309D328C5F118001CC7EA /* Assets.xcassets */; };
		26F309D728C5F118001CC7EA /* Preview Assets.xcassets in Resources */ = {isa = PBXBuildFile; fileRef = 26F309D628C5F118001CC7EA /* Preview Assets.xcassets */; };
		26F309E128C5FA7C001CC7EA /* DataController.swift in Sources */ = {isa = PBXBuildFile; fileRef = 26F309E028C5FA7C001CC7EA /* DataController.swift */; };
		26F309E428C5FAE1001CC7EA /* Bookworm.xcdatamodeld in Sources */ = {isa = PBXBuildFile; fileRef = 26F309E228C5FAE1001CC7EA /* Bookworm.xcdatamodeld */; };
/* End PBXBuildFile section */

/* Begin PBXFileReference section */
		260A8F1228CED1FA008C2EA2 /* Gaegu-Bold.ttf */ = {isa = PBXFileReference; lastKnownFileType = file; path = "Gaegu-Bold.ttf"; sourceTree = "<group>"; };
		260A8F1428CED2D7008C2EA2 /* Info.plist */ = {isa = PBXFileReference; lastKnownFileType = text.plist; path = Info.plist; sourceTree = "<group>"; };
		261FB72D28C73D16000789D6 /* AddBookView.swift */ = {isa = PBXFileReference; lastKnownFileType = sourcecode.swift; path = AddBookView.swift; sourceTree = "<group>"; };
		261FB72F28C74492000789D6 /* RatingView.swift */ = {isa = PBXFileReference; lastKnownFileType = sourcecode.swift; path = RatingView.swift; sourceTree = "<group>"; };
		261FB73128C74D4E000789D6 /* EmojiRatingView.swift */ = {isa = PBXFileReference; lastKnownFileType = sourcecode.swift; path = EmojiRatingView.swift; sourceTree = "<group>"; };
		265DD70C28C7E11B00F1F62B /* DetailView.swift */ = {isa = PBXFileReference; lastKnownFileType = sourcecode.swift; path = DetailView.swift; sourceTree = "<group>"; };
		265DD70E28C7E86900F1F62B /* NavAppearanceModifier.swift */ = {isa = PBXFileReference; lastKnownFileType = sourcecode.swift; path = NavAppearanceModifier.swift; sourceTree = "<group>"; };
		26F309CC28C5F116001CC7EA /* Bookworm.app */ = {isa = PBXFileReference; explicitFileType = wrapper.application; includeInIndex = 0; path = Bookworm.app; sourceTree = BUILT_PRODUCTS_DIR; };
		26F309CF28C5F116001CC7EA /* BookwormApp.swift */ = {isa = PBXFileReference; lastKnownFileType = sourcecode.swift; path = BookwormApp.swift; sourceTree = "<group>"; };
		26F309D128C5F116001CC7EA /* ContentView.swift */ = {isa = PBXFileReference; lastKnownFileType = sourcecode.swift; path = ContentView.swift; sourceTree = "<group>"; };
		26F309D328C5F118001CC7EA /* Assets.xcassets */ = {isa = PBXFileReference; lastKnownFileType = folder.assetcatalog; path = Assets.xcassets; sourceTree = "<group>"; };
		26F309D628C5F118001CC7EA /* Preview Assets.xcassets */ = {isa = PBXFileReference; lastKnownFileType = folder.assetcatalog; path = "Preview Assets.xcassets"; sourceTree = "<group>"; };
		26F309E028C5FA7C001CC7EA /* DataController.swift */ = {isa = PBXFileReference; lastKnownFileType = sourcecode.swift; path = DataController.swift; sourceTree = "<group>"; };
		26F309E328C5FAE1001CC7EA /* Bookworm.xcdatamodel */ = {isa = PBXFileReference; lastKnownFileType = wrapper.xcdatamodel; path = Bookworm.xcdatamodel; sourceTree = "<group>"; };
/* End PBXFileReference section */

/* Begin PBXFrameworksBuildPhase section */
		26F309C928C5F116001CC7EA /* Frameworks */ = {
			isa = PBXFrameworksBuildPhase;
			buildActionMask = 2147483647;
			files = (
			);
			runOnlyForDeploymentPostprocessing = 0;
		};
/* End PBXFrameworksBuildPhase section */

/* Begin PBXGroup section */
		26F309C328C5F116001CC7EA = {
			isa = PBXGroup;
			children = (
				26F309CE28C5F116001CC7EA /* Bookworm */,
				26F309CD28C5F116001CC7EA /* Products */,
			);
			sourceTree = "<group>";
		};
		26F309CD28C5F116001CC7EA /* Products */ = {
			isa = PBXGroup;
			children = (
				26F309CC28C5F116001CC7EA /* Bookworm.app */,
			);
			name = Products;
			sourceTree = "<group>";
		};
		26F309CE28C5F116001CC7EA /* Bookworm */ = {
			isa = PBXGroup;
			children = (
				260A8F1428CED2D7008C2EA2 /* Info.plist */,
				26F309CF28C5F116001CC7EA /* BookwormApp.swift */,
				26F309D128C5F116001CC7EA /* ContentView.swift */,
				261FB72F28C74492000789D6 /* RatingView.swift */,
				261FB73128C74D4E000789D6 /* EmojiRatingView.swift */,
				261FB72D28C73D16000789D6 /* AddBookView.swift */,
				265DD70C28C7E11B00F1F62B /* DetailView.swift */,
				26F309E028C5FA7C001CC7EA /* DataController.swift */,
				265DD70E28C7E86900F1F62B /* NavAppearanceModifier.swift */,
				260A8F1228CED1FA008C2EA2 /* Gaegu-Bold.ttf */,
				26F309E228C5FAE1001CC7EA /* Bookworm.xcdatamodeld */,
				26F309D328C5F118001CC7EA /* Assets.xcassets */,
				26F309D528C5F118001CC7EA /* Preview Content */,
			);
			path = Bookworm;
			sourceTree = "<group>";
		};
		26F309D528C5F118001CC7EA /* Preview Content */ = {
			isa = PBXGroup;
			children = (
				26F309D628C5F118001CC7EA /* Preview Assets.xcassets */,
			);
			path = "Preview Content";
			sourceTree = "<group>";
		};
/* End PBXGroup section */

/* Begin PBXNativeTarget section */
		26F309CB28C5F116001CC7EA /* Bookworm */ = {
			isa = PBXNativeTarget;
			buildConfigurationList = 26F309DA28C5F118001CC7EA /* Build configuration list for PBXNativeTarget "Bookworm" */;
			buildPhases = (
				26F309C828C5F116001CC7EA /* Sources */,
				26F309C928C5F116001CC7EA /* Frameworks */,
				26F309CA28C5F116001CC7EA /* Resources */,
			);
			buildRules = (
			);
			dependencies = (
			);
			name = Bookworm;
			productName = Bookworm;
			productReference = 26F309CC28C5F116001CC7EA /* Bookworm.app */;
			productType = "com.apple.product-type.application";
		};
/* End PBXNativeTarget section */

/* Begin PBXProject section */
		26F309C428C5F116001CC7EA /* Project object */ = {
			isa = PBXProject;
			attributes = {
				BuildIndependentTargetsInParallel = 1;
				LastSwiftUpdateCheck = 1340;
				LastUpgradeCheck = 1340;
				TargetAttributes = {
					26F309CB28C5F116001CC7EA = {
						CreatedOnToolsVersion = 13.4.1;
					};
				};
			};
			buildConfigurationList = 26F309C728C5F116001CC7EA /* Build configuration list for PBXProject "Bookworm" */;
			compatibilityVersion = "Xcode 13.0";
			developmentRegion = en;
			hasScannedForEncodings = 0;
			knownRegions = (
				en,
				Base,
			);
			mainGroup = 26F309C328C5F116001CC7EA;
			productRefGroup = 26F309CD28C5F116001CC7EA /* Products */;
			projectDirPath = "";
			projectRoot = "";
			targets = (
				26F309CB28C5F116001CC7EA /* Bookworm */,
			);
		};
/* End PBXProject section */

/* Begin PBXResourcesBuildPhase section */
		26F309CA28C5F116001CC7EA /* Resources */ = {
			isa = PBXResourcesBuildPhase;
			buildActionMask = 2147483647;
			files = (
				26F309D728C5F118001CC7EA /* Preview Assets.xcassets in Resources */,
				260A8F1328CED1FA008C2EA2 /* Gaegu-Bold.ttf in Resources */,
				26F309D428C5F118001CC7EA /* Assets.xcassets in Resources */,
			);
			runOnlyForDeploymentPostprocessing = 0;
		};
/* End PBXResourcesBuildPhase section */

/* Begin PBXSourcesBuildPhase section */
		26F309C828C5F116001CC7EA /* Sources */ = {
			isa = PBXSourcesBuildPhase;
			buildActionMask = 2147483647;
			files = (
				26F309E128C5FA7C001CC7EA /* DataController.swift in Sources */,
				265DD70D28C7E11B00F1F62B /* DetailView.swift in Sources */,
				26F309E428C5FAE1001CC7EA /* Bookworm.xcdatamodeld in Sources */,
				261FB73228C74D4E000789D6 /* EmojiRatingView.swift in Sources */,
				26F309D228C5F116001CC7EA /* ContentView.swift in Sources */,
				261FB73028C74492000789D6 /* RatingView.swift in Sources */,
				26F309D028C5F116001CC7EA /* BookwormApp.swift in Sources */,
				261FB72E28C73D16000789D6 /* AddBookView.swift in Sources */,
				265DD70F28C7E86900F1F62B /* NavAppearanceModifier.swift in Sources */,
			);
			runOnlyForDeploymentPostprocessing = 0;
		};
/* End PBXSourcesBuildPhase section */

/* Begin XCBuildConfiguration section */
		26F309D828C5F118001CC7EA /* Debug */ = {
			isa = XCBuildConfiguration;
			buildSettings = {
				ALWAYS_SEARCH_USER_PATHS = NO;
				CLANG_ANALYZER_NONNULL = YES;
				CLANG_ANALYZER_NUMBER_OBJECT_CONVERSION = YES_AGGRESSIVE;
				CLANG_CXX_LANGUAGE_STANDARD = "gnu++17";
				CLANG_ENABLE_MODULES = YES;
				CLANG_ENABLE_OBJC_ARC = YES;
				CLANG_ENABLE_OBJC_WEAK = YES;
				CLANG_WARN_BLOCK_CAPTURE_AUTORELEASING = YES;
				CLANG_WARN_BOOL_CONVERSION = YES;
				CLANG_WARN_COMMA = YES;
				CLANG_WARN_CONSTANT_CONVERSION = YES;
				CLANG_WARN_DEPRECATED_OBJC_IMPLEMENTATIONS = YES;
				CLANG_WARN_DIRECT_OBJC_ISA_USAGE = YES_ERROR;
				CLANG_WARN_DOCUMENTATION_COMMENTS = YES;
				CLANG_WARN_EMPTY_BODY = YES;
				CLANG_WARN_ENUM_CONVERSION = YES;
				CLANG_WARN_INFINITE_RECURSION = YES;
				CLANG_WARN_INT_CONVERSION = YES;
				CLANG_WARN_NON_LITERAL_NULL_CONVERSION = YES;
				CLANG_WARN_OBJC_IMPLICIT_RETAIN_SELF = YES;
				CLANG_WARN_OBJC_LITERAL_CONVERSION = YES;
				CLANG_WARN_OBJC_ROOT_CLASS = YES_ERROR;
				CLANG_WARN_QUOTED_INCLUDE_IN_FRAMEWORK_HEADER = YES;
				CLANG_WARN_RANGE_LOOP_ANALYSIS = YES;
				CLANG_WARN_STRICT_PROTOTYPES = YES;
				CLANG_WARN_SUSPICIOUS_MOVE = YES;
				CLANG_WARN_UNGUARDED_AVAILABILITY = YES_AGGRESSIVE;
				CLANG_WARN_UNREACHABLE_CODE = YES;
				CLANG_WARN__DUPLICATE_METHOD_MATCH = YES;
				COPY_PHASE_STRIP = NO;
				DEBUG_INFORMATION_FORMAT = dwarf;
				ENABLE_STRICT_OBJC_MSGSEND = YES;
				ENABLE_TESTABILITY = YES;
				GCC_C_LANGUAGE_STANDARD = gnu11;
				GCC_DYNAMIC_NO_PIC = NO;
				GCC_NO_COMMON_BLOCKS = YES;
				GCC_OPTIMIZATION_LEVEL = 0;
				GCC_PREPROCESSOR_DEFINITIONS = (
					"DEBUG=1",
					"$(inherited)",
				);
				GCC_WARN_64_TO_32_BIT_CONVERSION = YES;
				GCC_WARN_ABOUT_RETURN_TYPE = YES_ERROR;
				GCC_WARN_UNDECLARED_SELECTOR = YES;
				GCC_WARN_UNINITIALIZED_AUTOS = YES_AGGRESSIVE;
				GCC_WARN_UNUSED_FUNCTION = YES;
				GCC_WARN_UNUSED_VARIABLE = YES;
				IPHONEOS_DEPLOYMENT_TARGET = 15.5;
				MTL_ENABLE_DEBUG_INFO = INCLUDE_SOURCE;
				MTL_FAST_MATH = YES;
				ONLY_ACTIVE_ARCH = YES;
				SDKROOT = iphoneos;
				SWIFT_ACTIVE_COMPILATION_CONDITIONS = DEBUG;
				SWIFT_OPTIMIZATION_LEVEL = "-Onone";
			};
			name = Debug;
		};
		26F309D928C5F118001CC7EA /* Release */ = {
			isa = XCBuildConfiguration;
			buildSettings = {
				ALWAYS_SEARCH_USER_PATHS = NO;
				CLANG_ANALYZER_NONNULL = YES;
				CLANG_ANALYZER_NUMBER_OBJECT_CONVERSION = YES_AGGRESSIVE;
				CLANG_CXX_LANGUAGE_STANDARD = "gnu++17";
				CLANG_ENABLE_MODULES = YES;
				CLANG_ENABLE_OBJC_ARC = YES;
				CLANG_ENABLE_OBJC_WEAK = YES;
				CLANG_WARN_BLOCK_CAPTURE_AUTORELEASING = YES;
				CLANG_WARN_BOOL_CONVERSION = YES;
				CLANG_WARN_COMMA = YES;
				CLANG_WARN_CONSTANT_CONVERSION = YES;
				CLANG_WARN_DEPRECATED_OBJC_IMPLEMENTATIONS = YES;
				CLANG_WARN_DIRECT_OBJC_ISA_USAGE = YES_ERROR;
				CLANG_WARN_DOCUMENTATION_COMMENTS = YES;
				CLANG_WARN_EMPTY_BODY = YES;
				CLANG_WARN_ENUM_CONVERSION = YES;
				CLANG_WARN_INFINITE_RECURSION = YES;
				CLANG_WARN_INT_CONVERSION = YES;
				CLANG_WARN_NON_LITERAL_NULL_CONVERSION = YES;
				CLANG_WARN_OBJC_IMPLICIT_RETAIN_SELF = YES;
				CLANG_WARN_OBJC_LITERAL_CONVERSION = YES;
				CLANG_WARN_OBJC_ROOT_CLASS = YES_ERROR;
				CLANG_WARN_QUOTED_INCLUDE_IN_FRAMEWORK_HEADER = YES;
				CLANG_WARN_RANGE_LOOP_ANALYSIS = YES;
				CLANG_WARN_STRICT_PROTOTYPES = YES;
				CLANG_WARN_SUSPICIOUS_MOVE = YES;
				CLANG_WARN_UNGUARDED_AVAILABILITY = YES_AGGRESSIVE;
				CLANG_WARN_UNREACHABLE_CODE = YES;
				CLANG_WARN__DUPLICATE_METHOD_MATCH = YES;
				COPY_PHASE_STRIP = NO;
				DEBUG_INFORMATION_FORMAT = "dwarf-with-dsym";
				ENABLE_NS_ASSERTIONS = NO;
				ENABLE_STRICT_OBJC_MSGSEND = YES;
				GCC_C_LANGUAGE_STANDARD = gnu11;
				GCC_NO_COMMON_BLOCKS = YES;
				GCC_WARN_64_TO_32_BIT_CONVERSION = YES;
				GCC_WARN_ABOUT_RETURN_TYPE = YES_ERROR;
				GCC_WARN_UNDECLARED_SELECTOR = YES;
				GCC_WARN_UNINITIALIZED_AUTOS = YES_AGGRESSIVE;
				GCC_WARN_UNUSED_FUNCTION = YES;
				GCC_WARN_UNUSED_VARIABLE = YES;
				IPHONEOS_DEPLOYMENT_TARGET = 15.5;
				MTL_ENABLE_DEBUG_INFO = NO;
				MTL_FAST_MATH = YES;
				SDKROOT = iphoneos;
				SWIFT_COMPILATION_MODE = wholemodule;
				SWIFT_OPTIMIZATION_LEVEL = "-O";
				VALIDATE_PRODUCT = YES;
			};
			name = Release;
		};
		26F309DB28C5F118001CC7EA /* Debug */ = {
			isa = XCBuildConfiguration;
			buildSettings = {
				ASSETCATALOG_COMPILER_APPICON_NAME = AppIcon;
				ASSETCATALOG_COMPILER_GLOBAL_ACCENT_COLOR_NAME = AccentColor;
				CODE_SIGN_STYLE = Automatic;
				CURRENT_PROJECT_VERSION = 1;
				DEVELOPMENT_ASSET_PATHS = "\"Bookworm/Preview Content\"";
				DEVELOPMENT_TEAM = 2CWZ37P538;
				ENABLE_PREVIEWS = YES;
				GENERATE_INFOPLIST_FILE = YES;
				INFOPLIST_FILE = Bookworm/Info.plist;
				INFOPLIST_KEY_UIApplicationSceneManifest_Generation = YES;
				INFOPLIST_KEY_UIApplicationSupportsIndirectInputEvents = YES;
				INFOPLIST_KEY_UILaunchScreen_Generation = YES;
				INFOPLIST_KEY_UISupportedInterfaceOrientations_iPad = "UIInterfaceOrientationPortrait UIInterfaceOrientationPortraitUpsideDown UIInterfaceOrientationLandscapeLeft UIInterfaceOrientationLandscapeRight";
				INFOPLIST_KEY_UISupportedInterfaceOrientations_iPhone = "UIInterfaceOrientationPortrait UIInterfaceOrientationLandscapeLeft UIInterfaceOrientationLandscapeRight";
				LD_RUNPATH_SEARCH_PATHS = (
					"$(inherited)",
					"@executable_path/Frameworks",
				);
				MARKETING_VERSION = 1.0;
				PRODUCT_BUNDLE_IDENTIFIER = tk.omarkhattab.Bookworm;
				PRODUCT_NAME = "$(TARGET_NAME)";
				SWIFT_EMIT_LOC_STRINGS = YES;
				SWIFT_VERSION = 5.0;
				TARGETED_DEVICE_FAMILY = "1,2";
			};
			name = Debug;
		};
		26F309DC28C5F118001CC7EA /* Release */ = {
			isa = XCBuildConfiguration;
			buildSettings = {
				ASSETCATALOG_COMPILER_APPICON_NAME = AppIcon;
				ASSETCATALOG_COMPILER_GLOBAL_ACCENT_COLOR_NAME = AccentColor;
				CODE_SIGN_STYLE = Automatic;
				CURRENT_PROJECT_VERSION = 1;
				DEVELOPMENT_ASSET_PATHS = "\"Bookworm/Preview Content\"";
				DEVELOPMENT_TEAM = 2CWZ37P538;
				ENABLE_PREVIEWS = YES;
				GENERATE_INFOPLIST_FILE = YES;
				INFOPLIST_FILE = Bookworm/Info.plist;
				INFOPLIST_KEY_UIApplicationSceneManifest_Generation = YES;
				INFOPLIST_KEY_UIApplicationSupportsIndirectInputEvents = YES;
				INFOPLIST_KEY_UILaunchScreen_Generation = YES;
				INFOPLIST_KEY_UISupportedInterfaceOrientations_iPad = "UIInterfaceOrientationPortrait UIInterfaceOrientationPortraitUpsideDown UIInterfaceOrientationLandscapeLeft UIInterfaceOrientationLandscapeRight";
				INFOPLIST_KEY_UISupportedInterfaceOrientations_iPhone = "UIInterfaceOrientationPortrait UIInterfaceOrientationLandscapeLeft UIInterfaceOrientationLandscapeRight";
				LD_RUNPATH_SEARCH_PATHS = (
					"$(inherited)",
					"@executable_path/Frameworks",
				);
				MARKETING_VERSION = 1.0;
				PRODUCT_BUNDLE_IDENTIFIER = tk.omarkhattab.Bookworm;
				PRODUCT_NAME = "$(TARGET_NAME)";
				SWIFT_EMIT_LOC_STRINGS = YES;
				SWIFT_VERSION = 5.0;
				TARGETED_DEVICE_FAMILY = "1,2";
			};
			name = Release;
		};
/* End XCBuildConfiguration section */

/* Begin XCConfigurationList section */
		26F309C728C5F116001CC7EA /* Build configuration list for PBXProject "Bookworm" */ = {
			isa = XCConfigurationList;
			buildConfigurations = (
				26F309D828C5F118001CC7EA /* Debug */,
				26F309D928C5F118001CC7EA /* Release */,
			);
			defaultConfigurationIsVisible = 0;
			defaultConfigurationName = Release;
		};
		26F309DA28C5F118001CC7EA /* Build configuration list for PBXNativeTarget "Bookworm" */ = {
			isa = XCConfigurationList;
			buildConfigurations = (
				26F309DB28C5F118001CC7EA /* Debug */,
				26F309DC28C5F118001CC7EA /* Release */,
			);
			defaultConfigurationIsVisible = 0;
			defaultConfigurationName = Release;
		};
/* End XCConfigurationList section */

/* Begin XCVersionGroup section */
		26F309E228C5FAE1001CC7EA /* Bookworm.xcdatamodeld */ = {
			isa = XCVersionGroup;
			children = (
				26F309E328C5FAE1001CC7EA /* Bookworm.xcdatamodel */,
			);
			currentVersion = 26F309E328C5FAE1001CC7EA /* Bookworm.xcdatamodel */;
			path = Bookworm.xcdatamodeld;
			sourceTree = "<group>";
			versionGroupType = wrapper.xcdatamodel;
		};
/* End XCVersionGroup section */
	};
	rootObject = 26F309C428C5F116001CC7EA /* Project object */;
}
